
Microsoft Visual Studio Solution File, Format Version 12.00
# Visual Studio Version 17
VisualStudioVersion = 17.5.002.0
MinimumVisualStudioVersion = 10.0.40219.1
Project("{9A19103F-16F7-4668-BE54-9A1E7A4F7556}") = "JWTAuth", "JWTAuth.csproj", "{440E087E-C5DC-49F8-BEB0-3730165D5BFE}"
EndProject
Global
	GlobalSection(SolutionConfigurationPlatforms) = preSolution
		Debug|Any CPU = Debug|Any CPU
		Release|Any CPU = Release|Any CPU
	EndGlobalSection
	GlobalSection(ProjectConfigurationPlatforms) = postSolution
		{440E087E-C5DC-49F8-BEB0-3730165D5BFE}.Debug|Any CPU.ActiveCfg = Debug|Any CPU
		{440E087E-C5DC-49F8-BEB0-3730165D5BFE}.Debug|Any CPU.Build.0 = Debug|Any CPU
		{440E087E-C5DC-49F8-BEB0-3730165D5BFE}.Release|Any CPU.ActiveCfg = Release|Any CPU
		{440E087E-C5DC-49F8-BEB0-3730165D5BFE}.Release|Any CPU.Build.0 = Release|Any CPU
	EndGlobalSection
	GlobalSection(SolutionProperties) = preSolution
		HideSolutionNode = FALSE
	EndGlobalSection
	GlobalSection(ExtensibilityGlobals) = postSolution
		SolutionGuid = {DF24A71A-E697-4861-997C-8416681175D2}
	EndGlobalSection
EndGlobal
